# This file is automatically @generated by Cargo.
# It is not intended for manual editing.
version = 4

[[package]]
name = "memchr"
version = "2.8.3"
source = "registry+https://github.com/rust-lang/crates.io-index"
checksum = "cf8baf1c55e62ffcace7a9f06f4bd9cd3f0c4beb022d3b367256b91b87513d98"

[[package]]
name = "proc-macro2"
version = "1.0.106"
source = "registry+https://github.com/rust-lang/crates.io-index"
checksum = "8fd00f0bb2e90d81d1044c2b32617f68fcb9fa3bb7640c23e9c748e53fb30934"
dependencies = [
 "unicode-ident",
]

[[package]]
name = "quick-xml"
version = "0.40.1"
source = "registry+https://github.com/rust-lang/crates.io-index"
checksum = "2474bd2e5029e7ccb6abb2ba48cf2383a333851dedf495901544281590c7da7f"
dependencies = [
 "memchr",
 "serde",
]

[[package]]
name = "quote"
version = "1.0.46"
source = "registry+https://github.com/rust-lang/crates.io-index"
checksum = "dfbc457d0c7a0759a614551b11a6409e5951f6c7537be1f1b7682b9ae9230368"
dependencies = [
 "proc-macro2",
]

[[package]]
name = "rustc-hash"
version = "2.1.3"
source = "registry+https://github.com/rust-lang/crates.io-index"
checksum = "6b1e7f9a428571be2dc5bc0505c13fb6bf936822b894ec87abf8a08a4e51742d"

[[package]]
name = "serde"
version = "1.0.229"
source = "registry+https://github.com/rust-lang/crates.io-index"
checksum = "4148590afebada386688f18773da617792bf2ef03ffc1e4cbd2b1d45b023e0ba"
dependencies = [
 "serde_core",
 "serde_derive",
]

[[package]]
name = "serde_core"
version = "1.0.229"
source = "registry+https://github.com/rust-lang/crates.io-index"
checksum = "67dca2c9c51e58a4791a4b1ed58308b39c64224d349a935ab5039aa360942a48"
dependencies = [
 "serde_derive",
]

[[package]]
name = "serde_derive"
version = "1.0.229"
source = "registry+https://github.com/rust-lang/crates.io-index"
checksum = "e7a5d71263a5a7d47b41f6b3f06ba276f10cc18b0931f1799f710578e2309348"
dependencies = [
 "proc-macro2",
 "quote",
 "syn 3.0.3",
]

[[package]]
name = "syn"
version = "2.0.119"
source = "registry+https://github.com/rust-lang/crates.io-index"
checksum = "872831b642d1a07999a962a351ed35b955ea2cfc8f3862091e2a240a84f17297"
dependencies = [
 "proc-macro2",
 "quote",
 "unicode-ident",
]

[[package]]
name = "syn"
version = "3.0.3"
source = "registry+https://github.com/rust-lang/crates.io-index"
checksum = "53e9bae58849f64dfa4f5d5ae372c8341f7305f82a3868709269343628b659a3"
dependencies = [
 "proc-macro2",
 "quote",
 "unicode-ident",
]

[[package]]
name = "unicode-ident"
version = "1.0.24"
source = "registry+https://github.com/rust-lang/crates.io-index"
checksum = "e6e4313cd5fcd3dad5cafa179702e2b244f760991f45397d14d4ebf38247da75"

[[package]]
name = "windows"
version = "0.62.2"
source = "git+https://github.com/microsoft/windows-rs?branch=master#a4f924122bcdc1e65b94e882b5ea874cccad23bb"
dependencies = [
 "windows-collections",
 "windows-core",
 "windows-future",
 "windows-numerics",
 "windows-reference",
 "windows-time",
]

[[package]]
name = "windows-canvas"
version = "0.0.0"
source = "git+https://github.com/microsoft/windows-rs?branch=master#a4f924122bcdc1e65b94e882b5ea874cccad23bb"
dependencies = [
 "windows-core",
 "windows-numerics",
 "windows-reactor",
]

[[package]]
name = "windows-collections"
version = "0.3.2"
source = "git+https://github.com/microsoft/windows-rs?branch=master#a4f924122bcdc1e65b94e882b5ea874cccad23bb"
dependencies = [
 "windows-core",
]

[[package]]
name = "windows-core"
version = "0.62.2"
source = "git+https://github.com/microsoft/windows-rs?branch=master#a4f924122bcdc1e65b94e882b5ea874cccad23bb"
dependencies = [
 "windows-implement",
 "windows-interface",
 "windows-link",
 "windows-result",
 "windows-strings",
]

[[package]]
name = "windows-future"
version = "0.3.2"
source = "git+https://github.com/microsoft/windows-rs?branch=master#a4f924122bcdc1e65b94e882b5ea874cccad23bb"
dependencies = [
 "windows-core",
 "windows-link",
 "windows-threading",
]

[[package]]
name = "windows-implement"
version = "0.60.2"
source = "git+https://github.com/microsoft/windows-rs?branch=master#a4f924122bcdc1e65b94e882b5ea874cccad23bb"
dependencies = [
 "proc-macro2",
 "quote",
 "syn 2.0.119",
]

[[package]]
name = "windows-interface"
version = "0.59.3"
source = "git+https://github.com/microsoft/windows-rs?branch=master#a4f924122bcdc1e65b94e882b5ea874cccad23bb"
dependencies = [
 "proc-macro2",
 "quote",
 "syn 2.0.119",
]

[[package]]
name = "windows-link"
version = "0.2.1"
source = "git+https://github.com/microsoft/windows-rs?branch=master#a4f924122bcdc1e65b94e882b5ea874cccad23bb"

[[package]]
name = "windows-numerics"
version = "0.3.1"
source = "git+https://github.com/microsoft/windows-rs?branch=master#a4f924122bcdc1e65b94e882b5ea874cccad23bb"
dependencies = [
 "windows-core",
 "windows-link",
]

[[package]]
name = "windows-reactor"
version = "0.0.0"
source = "git+https://github.com/microsoft/windows-rs?branch=master#a4f924122bcdc1e65b94e882b5ea874cccad23bb"
dependencies = [
 "rustc-hash",
 "windows-collections",
 "windows-core",
 "windows-future",
 "windows-numerics",
 "windows-reference",
 "windows-threading",
 "windows-time",
]

[[package]]
name = "windows-reference"
version = "0.1.0"
source = "git+https://github.com/microsoft/windows-rs?branch=master#a4f924122bcdc1e65b94e882b5ea874cccad23bb"
dependencies = [
 "windows-core",
 "windows-time",
]

[[package]]
name = "windows-result"
version = "0.4.1"
source = "git+https://github.com/microsoft/windows-rs?branch=master#a4f924122bcdc1e65b94e882b5ea874cccad23bb"
dependencies = [
 "windows-link",
]

[[package]]
name = "windows-strings"
version = "0.5.1"
source = "git+https://github.com/microsoft/windows-rs?branch=master#a4f924122bcdc1e65b94e882b5ea874cccad23bb"
dependencies = [
 "windows-link",
]

[[package]]
name = "windows-sys"
version = "0.61.2"
source = "git+https://github.com/microsoft/windows-rs?branch=master#a4f924122bcdc1e65b94e882b5ea874cccad23bb"
dependencies = [
 "windows-link",
]

[[package]]
name = "windows-threading"
version = "0.2.1"
source = "git+https://github.com/microsoft/windows-rs?branch=master#a4f924122bcdc1e65b94e882b5ea874cccad23bb"
dependencies = [
 "windows-link",
]

[[package]]
name = "windows-time"
version = "0.1.0"
source = "git+https://github.com/microsoft/windows-rs?branch=master#a4f924122bcdc1e65b94e882b5ea874cccad23bb"
dependencies = [
 "windows-core",
 "windows-link",
]

[[package]]
name = "windows-window"
version = "0.0.0"
source = "git+https://github.com/microsoft/windows-rs?branch=master#a4f924122bcdc1e65b94e882b5ea874cccad23bb"
dependencies = [
 "windows-core",
]

[[package]]
name = "xgameruntime-rs"
version = "0.1.0"
dependencies = [
 "quick-xml",
 "serde",
 "windows",
 "windows-canvas",
 "windows-core",
 "windows-reference",
 "windows-strings",
 "windows-sys",
 "windows-window",
]
